// !$*UTF8*$!
{
	archiveVersion = 1;
	classes = {
	};
	objectVersion = 52;
	objects = {

/* Begin PBXBuildFile section */
		62A81BDA2697FF85001AB408 /* AppDelegate.swift in Sources */ = {isa = PBXBuildFile; fileRef = 62A81BD92697FF85001AB408 /* AppDelegate.swift */; };
		62A81BDC2697FF85001AB408 /* SceneDelegate.swift in Sources */ = {isa = PBXBuildFile; fileRef = 62A81BDB2697FF85001AB408 /* SceneDelegate.swift */; };
		62A81BE12697FF85001AB408 /* Main.storyboard in Resources */ = {isa = PBXBuildFile; fileRef = 62A81BDF2697FF85001AB408 /* Main.storyboard */; };
		62A81BE32697FF90001AB408 /* Assets.xcassets in Resources */ = {isa = PBXBuildFile; fileRef = 62A81BE22697FF90001AB408 /* Assets.xcassets */; };
		62A81BE62697FF90001AB408 /* LaunchScreen.storyboard in Resources */ = {isa = PBXBuildFile; fileRef = 62A81BE42697FF90001AB408 /* LaunchScreen.storyboard */; };
		62A81BEE26980093001AB408 /* CourseTableViewController.swift in Sources */ = {isa = PBXBuildFile; fileRef = 62A81BED26980093001AB408 /* CourseTableViewController.swift */; };
		62A81BF026980415001AB408 /* Course.swift in Sources */ = {isa = PBXBuildFile; fileRef = 62A81BEF26980415001AB408 /* Course.swift */; };
		62A81BF2269811A2001AB408 /* CourseTableViewCell.swift in Sources */ = {isa = PBXBuildFile; fileRef = 62A81BF1269811A2001AB408 /* CourseTableViewCell.swift */; };
		62A81BF526981533001AB408 /* Kingfisher in Frameworks */ = {isa = PBXBuildFile; productRef = 62A81BF426981533001AB408 /* Kingfisher */; };
/* End PBXBuildFile section */

/* Begin PBXFileReference section */
		62A81BD62697FF85001AB408 /* jsonWeb.app */ = {isa = PBXFileReference; explicitFileType = wrapper.application; includeInIndex = 0; path = jsonWeb.app; sourceTree = BUILT_PRODUCTS_DIR; };
		62A81BD92697FF85001AB408 /* AppDelegate.swift */ = {isa = PBXFileReference; lastKnownFileType = sourcecode.swift; path = AppDelegate.swift; sourceTree = "<group>"; };
		62A81BDB2697FF85001AB408 /* SceneDelegate.swift */ = {isa = PBXFileReference; lastKnownFileType = sourcecode.swift; path = SceneDelegate.swift; sourceTree = "<group>"; };
		62A81BE02697FF85001AB408 /* Base */ = {isa = PBXFileReference; lastKnownFileType = file.storyboard; name = Base; path = Base.lproj/Main.storyboard; sourceTree = "<group>"; };
		62A81BE22697FF90001AB408 /* Assets.xcassets */ = {isa = PBXFileReference; lastKnownFileType = folder.assetcatalog; path = Assets.xcassets; sourceTree = "<group>"; };
		62A81BE52697FF90001AB408 /* Base */ = {isa = PBXFileReference; lastKnownFileType = file.storyboard; name = Base; path = Base.lproj/LaunchScreen.storyboard; sourceTree = "<group>"; };
		62A81BE72697FF90001AB408 /* Info.plist */ = {isa = PBXFileReference; lastKnownFileType = text.plist.xml; path = Info.plist; sourceTree = "<group>"; };
		62A81BED26980093001AB408 /* CourseTableViewController.swift */ = {isa = PBXFileReference; lastKnownFileType = sourcecode.swift; path = CourseTableViewController.swift; sourceTree = "<group>"; };
		62A81BEF26980415001AB408 /* Course.swift */ = {isa = PBXFileReference; lastKnownFileType = sourcecode.swift; path = Course.swift; sourceTree = "<group>"; };
		62A81BF1269811A2001AB408 /* CourseTableViewCell.swift */ = {isa = PBXFileReference; lastKnownFileType = sourcecode.swift; path = CourseTableViewCell.swift; sourceTree = "<group>"; };
/* End PBXFileReference section */

/* Begin PBXFrameworksBuildPhase section */
		62A81BD32697FF84001AB408 /* Frameworks */ = {
			isa = PBXFrameworksBuildPhase;
			buildActionMask = 2147483647;
			files = (
				62A81BF526981533001AB408 /* Kingfisher in Frameworks */,
			);
			runOnlyForDeploymentPostprocessing = 0;
		};
/* End PBXFrameworksBuildPhase section */

/* Begin PBXGroup section */
		62A81BCD2697FF84001AB408 = {
			isa = PBXGroup;
			children = (
				62A81BD82697FF85001AB408 /* jsonWeb */,
				62A81BD72697FF85001AB408 /* Products */,
			);
			sourceTree = "<group>";
		};
		62A81BD72697FF85001AB408 /* Products */ = {
			isa = PBXGroup;
			children = (
				62A81BD62697FF85001AB408 /* jsonWeb.app */,
			);
			name = Products;
			sourceTree = "<group>";
		};
		62A81BD82697FF85001AB408 /* jsonWeb */ = {
			isa = PBXGroup;
			children = (
				62A81BD92697FF85001AB408 /* AppDelegate.swift */,
				62A81BDB2697FF85001AB408 /* SceneDelegate.swift */,
				62A81BEF26980415001AB408 /* Course.swift */,
				62A81BF1269811A2001AB408 /* CourseTableViewCell.swift */,
				62A81BED26980093001AB408 /* CourseTableViewController.swift */,
				62A81BDF2697FF85001AB408 /* Main.storyboard */,
				62A81BE22697FF90001AB408 /* Assets.xcassets */,
				62A81BE42697FF90001AB408 /* LaunchScreen.storyboard */,
				62A81BE72697FF90001AB408 /* Info.plist */,
			);
			path = jsonWeb;
			sourceTree = "<group>";
		};
/* End PBXGroup section */

/* Begin PBXNativeTarget section */
		62A81BD52697FF84001AB408 /* jsonWeb */ = {
			isa = PBXNativeTarget;
			buildConfigurationList = 62A81BEA2697FF90001AB408 /* Build configuration list for PBXNativeTarget "jsonWeb" */;
			buildPhases = (
				62A81BD22697FF84001AB408 /* Sources */,
				62A81BD32697FF84001AB408 /* Frameworks */,
				62A81BD42697FF84001AB408 /* Resources */,
			);
			buildRules = (
			);
			dependencies = (
			);
			name = jsonWeb;
			packageProductDependencies = (
				62A81BF426981533001AB408 /* Kingfisher */,
			);
			productName = jsonWeb;
			productReference = 62A81BD62697FF85001AB408 /* jsonWeb.app */;
			productType = "com.apple.product-type.application";
		};
/* End PBXNativeTarget section */

/* Begin PBXProject section */
		62A81BCE2697FF84001AB408 /* Project object */ = {
			isa = PBXProject;
			attributes = {
				LastSwiftUpdateCheck = 1250;
				LastUpgradeCheck = 1250;
				TargetAttributes = {
					62A81BD52697FF84001AB408 = {
						CreatedOnToolsVersion = 12.5.1;
					};
				};
			};
			buildConfigurationList = 62A81BD12697FF84001AB408 /* Build configuration list for PBXProject "jsonWeb" */;
			compatibilityVersion = "Xcode 9.3";
			developmentRegion = en;
			hasScannedForEncodings = 0;
			knownRegions = (
				en,
				Base,
			);
			mainGroup = 62A81BCD2697FF84001AB408;
			packageReferences = (
				62A81BF326981533001AB408 /* XCRemoteSwiftPackageReference "Kingfisher" */,
			);
			productRefGroup = 62A81BD72697FF85001AB408 /* Products */;
			projectDirPath = "";
			projectRoot = "";
			targets = (
				62A81BD52697FF84001AB408 /* jsonWeb */,
			);
		};
/* End PBXProject section */

/* Begin PBXResourcesBuildPhase section */
		62A81BD42697FF84001AB408 /* Resources */ = {
			isa = PBXResourcesBuildPhase;
			buildActionMask = 2147483647;
			files = (
				62A81BE62697FF90001AB408 /* LaunchScreen.storyboard in Resources */,
				62A81BE32697FF90001AB408 /* Assets.xcassets in Resources */,
				62A81BE12697FF85001AB408 /* Main.storyboard in Resources */,
			);
			runOnlyForDeploymentPostprocessing = 0;
		};
/* End PBXResourcesBuildPhase section */

/* Begin PBXSourcesBuildPhase section */
		62A81BD22697FF84001AB408 /* Sources */ = {
			isa = PBXSourcesBuildPhase;
			buildActionMask = 2147483647;
			files = (
				62A81BF026980415001AB408 /* Course.swift in Sources */,
				62A81BDA2697FF85001AB408 /* AppDelegate.swift in Sources */,
				62A81BEE26980093001AB408 /* CourseTableViewController.swift in Sources */,
				62A81BDC2697FF85001AB408 /* SceneDelegate.swift in Sources */,
				62A81BF2269811A2001AB408 /* CourseTableViewCell.swift in Sources */,
			);
			runOnlyForDeploymentPostprocessing = 0;
		};
/* End PBXSourcesBuildPhase section */

/* Begin PBXVariantGroup section */
		62A81BDF2697FF85001AB408 /* Main.storyboard */ = {
			isa = PBXVariantGroup;
			children = (
				62A81BE02697FF85001AB408 /* Base */,
			);
			name = Main.storyboard;
			sourceTree = "<group>";
		};
		62A81BE42697FF90001AB408 /* LaunchScreen.storyboard */ = {
			isa = PBXVariantGroup;
			children = (
				62A81BE52697FF90001AB408 /* Base */,
			);
			name = LaunchScreen.storyboard;
			sourceTree = "<group>";
		};
/* End PBXVariantGroup section */

/* Begin XCBuildConfiguration section */
		62A81BE82697FF90001AB408 /* Debug */ = {
			isa = XCBuildConfiguration;
			buildSettings = {
				ALWAYS_SEARCH_USER_PATHS = NO;
				CLANG_ANALYZER_NONNULL = YES;
				CLANG_ANALYZER_NUMBER_OBJECT_CONVERSION = YES_AGGRESSIVE;
				CLANG_CXX_LANGUAGE_STANDARD = "gnu++14";
				CLANG_CXX_LIBRARY = "libc++";
				CLANG_ENABLE_MODULES = YES;
				CLANG_ENABLE_OBJC_ARC = YES;
				CLANG_ENABLE_OBJC_WEAK = YES;
				CLANG_WARN_BLOCK_CAPTURE_AUTORELEASING = YES;
				CLANG_WARN_BOOL_CONVERSION = YES;
				CLANG_WARN_COMMA = YES;
				CLANG_WARN_CONSTANT_CONVERSION = YES;
				CLANG_WARN_DEPRECATED_OBJC_IMPLEMENTATIONS = YES;
				CLANG_WARN_DIRECT_OBJC_ISA_USAGE = YES_ERROR;
				CLANG_WARN_DOCUMENTATION_COMMENTS = YES;
				CLANG_WARN_EMPTY_BODY = YES;
				CLANG_WARN_ENUM_CONVERSION = YES;
				CLANG_WARN_INFINITE_RECURSION = YES;
				CLANG_WARN_INT_CONVERSION = YES;
				CLANG_WARN_NON_LITERAL_NULL_CONVERSION = YES;
				CLANG_WARN_OBJC_IMPLICIT_RETAIN_SELF = YES;
				CLANG_WARN_OBJC_LITERAL_CONVERSION = YES;
				CLANG_WARN_OBJC_ROOT_CLASS = YES_ERROR;
				CLANG_WARN_QUOTED_INCLUDE_IN_FRAMEWORK_HEADER = YES;
				CLANG_WARN_RANGE_LOOP_ANALYSIS = YES;
				CLANG_WARN_STRICT_PROTOTYPES = YES;
				CLANG_WARN_SUSPICIOUS_MOVE = YES;
				CLANG_WARN_UNGUARDED_AVAILABILITY = YES_AGGRESSIVE;
				CLANG_WARN_UNREACHABLE_CODE = YES;
				CLANG_WARN__DUPLICATE_METHOD_MATCH = YES;
				COPY_PHASE_STRIP = NO;
				DEBUG_INFORMATION_FORMAT = dwarf;
				ENABLE_STRICT_OBJC_MSGSEND = YES;
				ENABLE_TESTABILITY = YES;
				GCC_C_LANGUAGE_STANDARD = gnu11;
				GCC_DYNAMIC_NO_PIC = NO;
				GCC_NO_COMMON_BLOCKS = YES;
				GCC_OPTIMIZATION_LEVEL = 0;
				GCC_PREPROCESSOR_DEFINITIONS = (
					"DEBUG=1",
					"$(inherited)",
				);
				GCC_WARN_64_TO_32_BIT_CONVERSION = YES;
				GCC_WARN_ABOUT_RETURN_TYPE = YES_ERROR;
				GCC_WARN_UNDECLARED_SELECTOR = YES;
				GCC_WARN_UNINITIALIZED_AUTOS = YES_AGGRESSIVE;
				GCC_WARN_UNUSED_FUNCTION = YES;
				GCC_WARN_UNUSED_VARIABLE = YES;
				IPHONEOS_DEPLOYMENT_TARGET = 14.5;
				MTL_ENABLE_DEBUG_INFO = INCLUDE_SOURCE;
				MTL_FAST_MATH = YES;
				ONLY_ACTIVE_ARCH = YES;
				SDKROOT = iphoneos;
				SWIFT_ACTIVE_COMPILATION_CONDITIONS = DEBUG;
				SWIFT_OPTIMIZATION_LEVEL = "-Onone";
			};
			name = Debug;
		};
		62A81BE92697FF90001AB408 /* Release */ = {
			isa = XCBuildConfiguration;
			buildSettings = {
				ALWAYS_SEARCH_USER_PATHS = NO;
				CLANG_ANALYZER_NONNULL = YES;
				CLANG_ANALYZER_NUMBER_OBJECT_CONVERSION = YES_AGGRESSIVE;
				CLANG_CXX_LANGUAGE_STANDARD = "gnu++14";
				CLANG_CXX_LIBRARY = "libc++";
				CLANG_ENABLE_MODULES = YES;
				CLANG_ENABLE_OBJC_ARC = YES;
				CLANG_ENABLE_OBJC_WEAK = YES;
				CLANG_WARN_BLOCK_CAPTURE_AUTORELEASING = YES;
				CLANG_WARN_BOOL_CONVERSION = YES;
				CLANG_WARN_COMMA = YES;
				CLANG_WARN_CONSTANT_CONVERSION = YES;
				CLANG_WARN_DEPRECATED_OBJC_IMPLEMENTATIONS = YES;
				CLANG_WARN_DIRECT_OBJC_ISA_USAGE = YES_ERROR;
				CLANG_WARN_DOCUMENTATION_COMMENTS = YES;
				CLANG_WARN_EMPTY_BODY = YES;
				CLANG_WARN_ENUM_CONVERSION = YES;
				CLANG_WARN_INFINITE_RECURSION = YES;
				CLANG_WARN_INT_CONVERSION = YES;
				CLANG_WARN_NON_LITERAL_NULL_CONVERSION = YES;
				CLANG_WARN_OBJC_IMPLICIT_RETAIN_SELF = YES;
				CLANG_WARN_OBJC_LITERAL_CONVERSION = YES;
				CLANG_WARN_OBJC_ROOT_CLASS = YES_ERROR;
				CLANG_WARN_QUOTED_INCLUDE_IN_FRAMEWORK_HEADER = YES;
				CLANG_WARN_RANGE_LOOP_ANALYSIS = YES;
				CLANG_WARN_STRICT_PROTOTYPES = YES;
				CLANG_WARN_SUSPICIOUS_MOVE = YES;
				CLANG_WARN_UNGUARDED_AVAILABILITY = YES_AGGRESSIVE;
				CLANG_WARN_UNREACHABLE_CODE = YES;
				CLANG_WARN__DUPLICATE_METHOD_MATCH = YES;
				COPY_PHASE_STRIP = NO;
				DEBUG_INFORMATION_FORMAT = "dwarf-with-dsym";
				ENABLE_NS_ASSERTIONS = NO;
				ENABLE_STRICT_OBJC_MSGSEND = YES;
				GCC_C_LANGUAGE_STANDARD = gnu11;
				GCC_NO_COMMON_BLOCKS = YES;
				GCC_WARN_64_TO_32_BIT_CONVERSION = YES;
				GCC_WARN_ABOUT_RETURN_TYPE = YES_ERROR;
				GCC_WARN_UNDECLARED_SELECTOR = YES;
				GCC_WARN_UNINITIALIZED_AUTOS = YES_AGGRESSIVE;
				GCC_WARN_UNUSED_FUNCTION = YES;
				GCC_WARN_UNUSED_VARIABLE = YES;
				IPHONEOS_DEPLOYMENT_TARGET = 14.5;
				MTL_ENABLE_DEBUG_INFO = NO;
				MTL_FAST_MATH = YES;
				SDKROOT = iphoneos;
				SWIFT_COMPILATION_MODE = wholemodule;
				SWIFT_OPTIMIZATION_LEVEL = "-O";
				VALIDATE_PRODUCT = YES;
			};
			name = Release;
		};
		62A81BEB2697FF90001AB408 /* Debug */ = {
			isa = XCBuildConfiguration;
			buildSettings = {
				ASSETCATALOG_COMPILER_APPICON_NAME = AppIcon;
				ASSETCATALOG_COMPILER_GLOBAL_ACCENT_COLOR_NAME = AccentColor;
				CODE_SIGN_STYLE = Automatic;
				DEVELOPMENT_TEAM = Z5QMR69A75;
				INFOPLIST_FILE = jsonWeb/Info.plist;
				LD_RUNPATH_SEARCH_PATHS = (
					"$(inherited)",
					"@executable_path/Frameworks",
				);
				PRODUCT_BUNDLE_IDENTIFIER = od.amoah.jsonWeb;
				PRODUCT_NAME = "$(TARGET_NAME)";
				SWIFT_VERSION = 5.0;
				TARGETED_DEVICE_FAMILY = "1,2";
			};
			name = Debug;
		};
		62A81BEC2697FF90001AB408 /* Release */ = {
			isa = XCBuildConfiguration;
			buildSettings = {
				ASSETCATALOG_COMPILER_APPICON_NAME = AppIcon;
				ASSETCATALOG_COMPILER_GLOBAL_ACCENT_COLOR_NAME = AccentColor;
				CODE_SIGN_STYLE = Automatic;
				DEVELOPMENT_TEAM = Z5QMR69A75;
				INFOPLIST_FILE = jsonWeb/Info.plist;
				LD_RUNPATH_SEARCH_PATHS = (
					"$(inherited)",
					"@executable_path/Frameworks",
				);
				PRODUCT_BUNDLE_IDENTIFIER = od.amoah.jsonWeb;
				PRODUCT_NAME = "$(TARGET_NAME)";
				SWIFT_VERSION = 5.0;
				TARGETED_DEVICE_FAMILY = "1,2";
			};
			name = Release;
		};
/* End XCBuildConfiguration section */

/* Begin XCConfigurationList section */
		62A81BD12697FF84001AB408 /* Build configuration list for PBXProject "jsonWeb" */ = {
			isa = XCConfigurationList;
			buildConfigurations = (
				62A81BE82697FF90001AB408 /* Debug */,
				62A81BE92697FF90001AB408 /* Release */,
			);
			defaultConfigurationIsVisible = 0;
			defaultConfigurationName = Release;
		};
		62A81BEA2697FF90001AB408 /* Build configuration list for PBXNativeTarget "jsonWeb" */ = {
			isa = XCConfigurationList;
			buildConfigurations = (
				62A81BEB2697FF90001AB408 /* Debug */,
				62A81BEC2697FF90001AB408 /* Release */,
			);
			defaultConfigurationIsVisible = 0;
			defaultConfigurationName = Release;
		};
/* End XCConfigurationList section */

/* Begin XCRemoteSwiftPackageReference section */
		62A81BF326981533001AB408 /* XCRemoteSwiftPackageReference "Kingfisher" */ = {
			isa = XCRemoteSwiftPackageReference;
			repositoryURL = "https://github.com/onevcat/Kingfisher.git";
			requirement = {
				kind = upToNextMajorVersion;
				minimumVersion = 6.3.0;
			};
		};
/* End XCRemoteSwiftPackageReference section */

/* Begin XCSwiftPackageProductDependency section */
		62A81BF426981533001AB408 /* Kingfisher */ = {
			isa = XCSwiftPackageProductDependency;
			package = 62A81BF326981533001AB408 /* XCRemoteSwiftPackageReference "Kingfisher" */;
			productName = Kingfisher;
		};
/* End XCSwiftPackageProductDependency section */
	};
	rootObject = 62A81BCE2697FF84001AB408 /* Project object */;
}
